
Microsoft Visual Studio Solution File, Format Version 12.00
# Visual Studio Version 17
VisualStudioVersion = 17.8.34511.84
MinimumVisualStudioVersion = 10.0.40219.1
Project("{9A19103F-16F7-4668-BE54-9A1E7A4F7556}") = "KycApi", "KycApi.csproj", "{C5CE0DA1-255A-4039-B348-FD2BF53E172C}"
EndProject
Project("{FAE04EC0-301F-11D3-BF4B-00C04F79EFBC}") = "KycMvc", "..\KycMvc\KycMvc.csproj", "{CF073FDB-39EB-4058-A71E-89693514BA6B}"
EndProject
Global
	GlobalSection(SolutionConfigurationPlatforms) = preSolution
		Debug|Any CPU = Debug|Any CPU
		Release|Any CPU = Release|Any CPU
	EndGlobalSection
	GlobalSection(ProjectConfigurationPlatforms) = postSolution
		{C5CE0DA1-255A-4039-B348-FD2BF53E172C}.Debug|Any CPU.ActiveCfg = Debug|Any CPU
		{C5CE0DA1-255A-4039-B348-FD2BF53E172C}.Debug|Any CPU.Build.0 = Debug|Any CPU
		{C5CE0DA1-255A-4039-B348-FD2BF53E172C}.Release|Any CPU.ActiveCfg = Release|Any CPU
		{C5CE0DA1-255A-4039-B348-FD2BF53E172C}.Release|Any CPU.Build.0 = Release|Any CPU
		{CF073FDB-39EB-4058-A71E-89693514BA6B}.Debug|Any CPU.ActiveCfg = Debug|Any CPU
		{CF073FDB-39EB-4058-A71E-89693514BA6B}.Debug|Any CPU.Build.0 = Debug|Any CPU
		{CF073FDB-39EB-4058-A71E-89693514BA6B}.Release|Any CPU.ActiveCfg = Release|Any CPU
		{CF073FDB-39EB-4058-A71E-89693514BA6B}.Release|Any CPU.Build.0 = Release|Any CPU
	EndGlobalSection
	GlobalSection(SolutionProperties) = preSolution
		HideSolutionNode = FALSE
	EndGlobalSection
	GlobalSection(ExtensibilityGlobals) = postSolution
		SolutionGuid = {1C7F9240-604B-4606-BD41-B310391520A2}
	EndGlobalSection
EndGlobal
